
Microsoft Visual Studio Solution File, Format Version 12.00
# Visual Studio Version 17
VisualStudioVersion = 17.14.37216.2 d17.14
MinimumVisualStudioVersion = 10.0.40219.1
Project("{FAE04EC0-301F-11D3-BF4B-00C04F79EFBC}") = "WebAPI_WebApp", "WebAPI_WebApp\WebAPI_WebApp.csproj", "{E36E39BB-86D2-4C08-AC06-FF91C5D513C0}"
EndProject
Project("{2150E333-8FDC-42A3-9474-1A3956D46DE8}") = ".github", ".github", "{02EA681E-C7D8-13C7-8484-4AC65E1B71E8}"
EndProject
Project("{2150E333-8FDC-42A3-9474-1A3956D46DE8}") = "workflows", "workflows", "{F8836CA8-F23A-4397-A5E6-7DAF2A3A137E}"
	ProjectSection(SolutionItems) = preProject
		deploy.yml = deploy.yml
	EndProjectSection
EndProject
Global
	GlobalSection(SolutionConfigurationPlatforms) = preSolution
		Debug|Any CPU = Debug|Any CPU
		Release|Any CPU = Release|Any CPU
	EndGlobalSection
	GlobalSection(ProjectConfigurationPlatforms) = postSolution
		{E36E39BB-86D2-4C08-AC06-FF91C5D513C0}.Debug|Any CPU.ActiveCfg = Debug|Any CPU
		{E36E39BB-86D2-4C08-AC06-FF91C5D513C0}.Debug|Any CPU.Build.0 = Debug|Any CPU
		{E36E39BB-86D2-4C08-AC06-FF91C5D513C0}.Release|Any CPU.ActiveCfg = Release|Any CPU
		{E36E39BB-86D2-4C08-AC06-FF91C5D513C0}.Release|Any CPU.Build.0 = Release|Any CPU
	EndGlobalSection
	GlobalSection(SolutionProperties) = preSolution
		HideSolutionNode = FALSE
	EndGlobalSection
	GlobalSection(NestedProjects) = preSolution
		{F8836CA8-F23A-4397-A5E6-7DAF2A3A137E} = {02EA681E-C7D8-13C7-8484-4AC65E1B71E8}
	EndGlobalSection
	GlobalSection(ExtensibilityGlobals) = postSolution
		SolutionGuid = {3C66ABF4-7ECE-4C40-8CC5-9C5FDC6FFA69}
	EndGlobalSection
EndGlobal
